// !$*UTF8*$!
{
	archiveVersion = 1;
	classes = {
	};
	objectVersion = 46;
	objects = {

/* Begin PBXBuildFile section */
		8F08D53E1A404A840085ACE9 /* main.m in Sources */ = {isa = PBXBuildFile; fileRef = 8F08D53D1A404A840085ACE9 /* main.m */; };
		8F08D55D1A404A840085ACE9 /* Turn_BallTests.m in Sources */ = {isa = PBXBuildFile; fileRef = 8F08D55C1A404A840085ACE9 /* Turn_BallTests.m */; };
		8F08D5721A404AB10085ACE9 /* AppDelegate.m in Sources */ = {isa = PBXBuildFile; fileRef = 8F08D5671A404AB10085ACE9 /* AppDelegate.m */; };
		8F08D5731A404AB10085ACE9 /* Enemy.m in Sources */ = {isa = PBXBuildFile; fileRef = 8F08D5691A404AB10085ACE9 /* Enemy.m */; };
		8F08D5741A404AB10085ACE9 /* GameScene.m in Sources */ = {isa = PBXBuildFile; fileRef = 8F08D56B1A404AB10085ACE9 /* GameScene.m */; };
		8F08D5751A404AB10085ACE9 /* GameViewController.m in Sources */ = {isa = PBXBuildFile; fileRef = 8F08D56D1A404AB10085ACE9 /* GameViewController.m */; };
		8F08D5761A404AB10085ACE9 /* LaunchScreen.xib in Resources */ = {isa = PBXBuildFile; fileRef = 8F08D56E1A404AB10085ACE9 /* LaunchScreen.xib */; };
		8F08D5771A404AB10085ACE9 /* Main.storyboard in Resources */ = {isa = PBXBuildFile; fileRef = 8F08D56F1A404AB10085ACE9 /* Main.storyboard */; };
		8F08D5781A404AB10085ACE9 /* Player.m in Sources */ = {isa = PBXBuildFile; fileRef = 8F08D5711A404AB10085ACE9 /* Player.m */; };
		8F08D57B1A40654B0085ACE9 /* MenuViewController.m in Sources */ = {isa = PBXBuildFile; fileRef = 8F08D57A1A40654B0085ACE9 /* MenuViewController.m */; };
/* End PBXBuildFile section */

/* Begin PBXContainerItemProxy section */
		8F08D5571A404A840085ACE9 /* PBXContainerItemProxy */ = {
			isa = PBXContainerItemProxy;
			containerPortal = 8F08D5301A404A840085ACE9 /* Project object */;
			proxyType = 1;
			remoteGlobalIDString = 8F08D5371A404A840085ACE9;
			remoteInfo = "Turn Ball";
		};
/* End PBXContainerItemProxy section */

/* Begin PBXFileReference section */
		8F08D5381A404A840085ACE9 /* Turn Ball.app */ = {isa = PBXFileReference; explicitFileType = wrapper.application; includeInIndex = 0; path = "Turn Ball.app"; sourceTree = BUILT_PRODUCTS_DIR; };
		8F08D53C1A404A840085ACE9 /* Info.plist */ = {isa = PBXFileReference; lastKnownFileType = text.plist.xml; path = Info.plist; sourceTree = "<group>"; };
		8F08D53D1A404A840085ACE9 /* main.m */ = {isa = PBXFileReference; lastKnownFileType = sourcecode.c.objc; path = main.m; sourceTree = "<group>"; };
		8F08D5561A404A840085ACE9 /* Turn BallTests.xctest */ = {isa = PBXFileReference; explicitFileType = wrapper.cfbundle; includeInIndex = 0; path = "Turn BallTests.xctest"; sourceTree = BUILT_PRODUCTS_DIR; };
		8F08D55B1A404A840085ACE9 /* Info.plist */ = {isa = PBXFileReference; lastKnownFileType = text.plist.xml; path = Info.plist; sourceTree = "<group>"; };
		8F08D55C1A404A840085ACE9 /* Turn_BallTests.m */ = {isa = PBXFileReference; lastKnownFileType = sourcecode.c.objc; path = Turn_BallTests.m; sourceTree = "<group>"; };
		8F08D5661A404AB10085ACE9 /* AppDelegate.h */ = {isa = PBXFileReference; fileEncoding = 4; lastKnownFileType = sourcecode.c.h; path = AppDelegate.h; sourceTree = "<group>"; };
		8F08D5671A404AB10085ACE9 /* AppDelegate.m */ = {isa = PBXFileReference; fileEncoding = 4; lastKnownFileType = sourcecode.c.objc; path = AppDelegate.m; sourceTree = "<group>"; };
		8F08D5681A404AB10085ACE9 /* Enemy.h */ = {isa = PBXFileReference; fileEncoding = 4; lastKnownFileType = sourcecode.c.h; path = Enemy.h; sourceTree = "<group>"; };
		8F08D5691A404AB10085ACE9 /* Enemy.m */ = {isa = PBXFileReference; fileEncoding = 4; lastKnownFileType = sourcecode.c.objc; path = Enemy.m; sourceTree = "<group>"; };
		8F08D56A1A404AB10085ACE9 /* GameScene.h */ = {isa = PBXFileReference; fileEncoding = 4; lastKnownFileType = sourcecode.c.h; path = GameScene.h; sourceTree = "<group>"; };
		8F08D56B1A404AB10085ACE9 /* GameScene.m */ = {isa = PBXFileReference; fileEncoding = 4; lastKnownFileType = sourcecode.c.objc; path = GameScene.m; sourceTree = "<group>"; };
		8F08D56C1A404AB10085ACE9 /* GameViewController.h */ = {isa = PBXFileReference; fileEncoding = 4; lastKnownFileType = sourcecode.c.h; path = GameViewController.h; sourceTree = "<group>"; };
		8F08D56D1A404AB10085ACE9 /* GameViewController.m */ = {isa = PBXFileReference; fileEncoding = 4; lastKnownFileType = sourcecode.c.objc; path = GameViewController.m; sourceTree = "<group>"; };
		8F08D56E1A404AB10085ACE9 /* LaunchScreen.xib */ = {isa = PBXFileReference; fileEncoding = 4; lastKnownFileType = file.xib; path = LaunchScreen.xib; sourceTree = "<group>"; };
		8F08D56F1A404AB10085ACE9 /* Main.storyboard */ = {isa = PBXFileReference; fileEncoding = 4; lastKnownFileType = file.storyboard; path = Main.storyboard; sourceTree = "<group>"; };
		8F08D5701A404AB10085ACE9 /* Player.h */ = {isa = PBXFileReference; fileEncoding = 4; lastKnownFileType = sourcecode.c.h; path = Player.h; sourceTree = "<group>"; };
		8F08D5711A404AB10085ACE9 /* Player.m */ = {isa = PBXFileReference; fileEncoding = 4; lastKnownFileType = sourcecode.c.objc; path = Player.m; sourceTree = "<group>"; };
		8F08D5791A40654B0085ACE9 /* MenuViewController.h */ = {isa = PBXFileReference; fileEncoding = 4; lastKnownFileType = sourcecode.c.h; path = MenuViewController.h; sourceTree = "<group>"; };
		8F08D57A1A40654B0085ACE9 /* MenuViewController.m */ = {isa = PBXFileReference; fileEncoding = 4; lastKnownFileType = sourcecode.c.objc; path = MenuViewController.m; sourceTree = "<group>"; };
/* End PBXFileReference section */

/* Begin PBXFrameworksBuildPhase section */
		8F08D5351A404A840085ACE9 /* Frameworks */ = {
			isa = PBXFrameworksBuildPhase;
			buildActionMask = 2147483647;
			files = (
			);
			runOnlyForDeploymentPostprocessing = 0;
		};
		8F08D5531A404A840085ACE9 /* Frameworks */ = {
			isa = PBXFrameworksBuildPhase;
			buildActionMask = 2147483647;
			files = (
			);
			runOnlyForDeploymentPostprocessing = 0;
		};
/* End PBXFrameworksBuildPhase section */

/* Begin PBXGroup section */
		8F08D52F1A404A840085ACE9 = {
			isa = PBXGroup;
			children = (
				8F08D53A1A404A840085ACE9 /* Turn Ball */,
				8F08D5591A404A840085ACE9 /* Turn BallTests */,
				8F08D5391A404A840085ACE9 /* Products */,
			);
			sourceTree = "<group>";
		};
		8F08D5391A404A840085ACE9 /* Products */ = {
			isa = PBXGroup;
			children = (
				8F08D5381A404A840085ACE9 /* Turn Ball.app */,
				8F08D5561A404A840085ACE9 /* Turn BallTests.xctest */,
			);
			name = Products;
			sourceTree = "<group>";
		};
		8F08D53A1A404A840085ACE9 /* Turn Ball */ = {
			isa = PBXGroup;
			children = (
				8F08D5661A404AB10085ACE9 /* AppDelegate.h */,
				8F08D5671A404AB10085ACE9 /* AppDelegate.m */,
				8F08D5681A404AB10085ACE9 /* Enemy.h */,
				8F08D5691A404AB10085ACE9 /* Enemy.m */,
				8F08D56A1A404AB10085ACE9 /* GameScene.h */,
				8F08D56B1A404AB10085ACE9 /* GameScene.m */,
				8F08D5791A40654B0085ACE9 /* MenuViewController.h */,
				8F08D57A1A40654B0085ACE9 /* MenuViewController.m */,
				8F08D56C1A404AB10085ACE9 /* GameViewController.h */,
				8F08D56D1A404AB10085ACE9 /* GameViewController.m */,
				8F08D56E1A404AB10085ACE9 /* LaunchScreen.xib */,
				8F08D56F1A404AB10085ACE9 /* Main.storyboard */,
				8F08D5701A404AB10085ACE9 /* Player.h */,
				8F08D5711A404AB10085ACE9 /* Player.m */,
				8F08D53B1A404A840085ACE9 /* Supporting Files */,
			);
			path = "Turn Ball";
			sourceTree = "<group>";
		};
		8F08D53B1A404A840085ACE9 /* Supporting Files */ = {
			isa = PBXGroup;
			children = (
				8F08D53C1A404A840085ACE9 /* Info.plist */,
				8F08D53D1A404A840085ACE9 /* main.m */,
			);
			name = "Supporting Files";
			sourceTree = "<group>";
		};
		8F08D5591A404A840085ACE9 /* Turn BallTests */ = {
			isa = PBXGroup;
			children = (
				8F08D55C1A404A840085ACE9 /* Turn_BallTests.m */,
				8F08D55A1A404A840085ACE9 /* Supporting Files */,
			);
			path = "Turn BallTests";
			sourceTree = "<group>";
		};
		8F08D55A1A404A840085ACE9 /* Supporting Files */ = {
			isa = PBXGroup;
			children = (
				8F08D55B1A404A840085ACE9 /* Info.plist */,
			);
			name = "Supporting Files";
			sourceTree = "<group>";
		};
/* End PBXGroup section */

/* Begin PBXNativeTarget section */
		8F08D5371A404A840085ACE9 /* Turn Ball */ = {
			isa = PBXNativeTarget;
			buildConfigurationList = 8F08D5601A404A840085ACE9 /* Build configuration list for PBXNativeTarget "Turn Ball" */;
			buildPhases = (
				8F08D5341A404A840085ACE9 /* Sources */,
				8F08D5351A404A840085ACE9 /* Frameworks */,
				8F08D5361A404A840085ACE9 /* Resources */,
			);
			buildRules = (
			);
			dependencies = (
			);
			name = "Turn Ball";
			productName = "Turn Ball";
			productReference = 8F08D5381A404A840085ACE9 /* Turn Ball.app */;
			productType = "com.apple.product-type.application";
		};
		8F08D5551A404A840085ACE9 /* Turn BallTests */ = {
			isa = PBXNativeTarget;
			buildConfigurationList = 8F08D5631A404A840085ACE9 /* Build configuration list for PBXNativeTarget "Turn BallTests" */;
			buildPhases = (
				8F08D5521A404A840085ACE9 /* Sources */,
				8F08D5531A404A840085ACE9 /* Frameworks */,
				8F08D5541A404A840085ACE9 /* Resources */,
			);
			buildRules = (
			);
			dependencies = (
				8F08D5581A404A840085ACE9 /* PBXTargetDependency */,
			);
			name = "Turn BallTests";
			productName = "Turn BallTests";
			productReference = 8F08D5561A404A840085ACE9 /* Turn BallTests.xctest */;
			productType = "com.apple.product-type.bundle.unit-test";
		};
/* End PBXNativeTarget section */

/* Begin PBXProject section */
		8F08D5301A404A840085ACE9 /* Project object */ = {
			isa = PBXProject;
			attributes = {
				LastUpgradeCheck = 0610;
				ORGANIZATIONNAME = "Johannes Wärn";
				TargetAttributes = {
					8F08D5371A404A840085ACE9 = {
						CreatedOnToolsVersion = 6.1.1;
					};
					8F08D5551A404A840085ACE9 = {
						CreatedOnToolsVersion = 6.1.1;
						TestTargetID = 8F08D5371A404A840085ACE9;
					};
				};
			};
			buildConfigurationList = 8F08D5331A404A840085ACE9 /* Build configuration list for PBXProject "Turn Ball" */;
			compatibilityVersion = "Xcode 3.2";
			developmentRegion = English;
			hasScannedForEncodings = 0;
			knownRegions = (
				en,
				Base,
			);
			mainGroup = 8F08D52F1A404A840085ACE9;
			productRefGroup = 8F08D5391A404A840085ACE9 /* Products */;
			projectDirPath = "";
			projectRoot = "";
			targets = (
				8F08D5371A404A840085ACE9 /* Turn Ball */,
				8F08D5551A404A840085ACE9 /* Turn BallTests */,
			);
		};
/* End PBXProject section */

/* Begin PBXResourcesBuildPhase section */
		8F08D5361A404A840085ACE9 /* Resources */ = {
			isa = PBXResourcesBuildPhase;
			buildActionMask = 2147483647;
			files = (
				8F08D5761A404AB10085ACE9 /* LaunchScreen.xib in Resources */,
				8F08D5771A404AB10085ACE9 /* Main.storyboard in Resources */,
			);
			runOnlyForDeploymentPostprocessing = 0;
		};
		8F08D5541A404A840085ACE9 /* Resources */ = {
			isa = PBXResourcesBuildPhase;
			buildActionMask = 2147483647;
			files = (
			);
			runOnlyForDeploymentPostprocessing = 0;
		};
/* End PBXResourcesBuildPhase section */

/* Begin PBXSourcesBuildPhase section */
		8F08D5341A404A840085ACE9 /* Sources */ = {
			isa = PBXSourcesBuildPhase;
			buildActionMask = 2147483647;
			files = (
				8F08D5751A404AB10085ACE9 /* GameViewController.m in Sources */,
				8F08D5731A404AB10085ACE9 /* Enemy.m in Sources */,
				8F08D5721A404AB10085ACE9 /* AppDelegate.m in Sources */,
				8F08D5741A404AB10085ACE9 /* GameScene.m in Sources */,
				8F08D57B1A40654B0085ACE9 /* MenuViewController.m in Sources */,
				8F08D5781A404AB10085ACE9 /* Player.m in Sources */,
				8F08D53E1A404A840085ACE9 /* main.m in Sources */,
			);
			runOnlyForDeploymentPostprocessing = 0;
		};
		8F08D5521A404A840085ACE9 /* Sources */ = {
			isa = PBXSourcesBuildPhase;
			buildActionMask = 2147483647;
			files = (
				8F08D55D1A404A840085ACE9 /* Turn_BallTests.m in Sources */,
			);
			runOnlyForDeploymentPostprocessing = 0;
		};
/* End PBXSourcesBuildPhase section */

/* Begin PBXTargetDependency section */
		8F08D5581A404A840085ACE9 /* PBXTargetDependency */ = {
			isa = PBXTargetDependency;
			target = 8F08D5371A404A840085ACE9 /* Turn Ball */;
			targetProxy = 8F08D5571A404A840085ACE9 /* PBXContainerItemProxy */;
		};
/* End PBXTargetDependency section */

/* Begin XCBuildConfiguration section */
		8F08D55E1A404A840085ACE9 /* Debug */ = {
			isa = XCBuildConfiguration;
			buildSettings = {
				ALWAYS_SEARCH_USER_PATHS = NO;
				CLANG_CXX_LANGUAGE_STANDARD = "gnu++0x";
				CLANG_CXX_LIBRARY = "libc++";
				CLANG_ENABLE_MODULES = YES;
				CLANG_ENABLE_OBJC_ARC = YES;
				CLANG_WARN_BOOL_CONVERSION = YES;
				CLANG_WARN_CONSTANT_CONVERSION = YES;
				CLANG_WARN_DIRECT_OBJC_ISA_USAGE = YES_ERROR;
				CLANG_WARN_EMPTY_BODY = YES;
				CLANG_WARN_ENUM_CONVERSION = YES;
				CLANG_WARN_INT_CONVERSION = YES;
				CLANG_WARN_OBJC_ROOT_CLASS = YES_ERROR;
				CLANG_WARN_UNREACHABLE_CODE = YES;
				CLANG_WARN__DUPLICATE_METHOD_MATCH = YES;
				"CODE_SIGN_IDENTITY[sdk=iphoneos*]" = "iPhone Developer";
				COPY_PHASE_STRIP = NO;
				ENABLE_STRICT_OBJC_MSGSEND = YES;
				GCC_C_LANGUAGE_STANDARD = gnu99;
				GCC_DYNAMIC_NO_PIC = NO;
				GCC_OPTIMIZATION_LEVEL = 0;
				GCC_PREPROCESSOR_DEFINITIONS = (
					"DEBUG=1",
					"$(inherited)",
				);
				GCC_SYMBOLS_PRIVATE_EXTERN = NO;
				GCC_WARN_64_TO_32_BIT_CONVERSION = YES;
				GCC_WARN_ABOUT_RETURN_TYPE = YES_ERROR;
				GCC_WARN_UNDECLARED_SELECTOR = YES;
				GCC_WARN_UNINITIALIZED_AUTOS = YES_AGGRESSIVE;
				GCC_WARN_UNUSED_FUNCTION = YES;
				GCC_WARN_UNUSED_VARIABLE = YES;
				IPHONEOS_DEPLOYMENT_TARGET = 8.1;
				MTL_ENABLE_DEBUG_INFO = YES;
				ONLY_ACTIVE_ARCH = YES;
				SDKROOT = iphoneos;
				TARGETED_DEVICE_FAMILY = "1,2";
			};
			name = Debug;
		};
		8F08D55F1A404A840085ACE9 /* Release */ = {
			isa = XCBuildConfiguration;
			buildSettings = {
				ALWAYS_SEARCH_USER_PATHS = NO;
				CLANG_CXX_LANGUAGE_STANDARD = "gnu++0x";
				CLANG_CXX_LIBRARY = "libc++";
				CLANG_ENABLE_MODULES = YES;
				CLANG_ENABLE_OBJC_ARC = YES;
				CLANG_WARN_BOOL_CONVERSION = YES;
				CLANG_WARN_CONSTANT_CONVERSION = YES;
				CLANG_WARN_DIRECT_OBJC_ISA_USAGE = YES_ERROR;
				CLANG_WARN_EMPTY_BODY = YES;
				CLANG_WARN_ENUM_CONVERSION = YES;
				CLANG_WARN_INT_CONVERSION = YES;
				CLANG_WARN_OBJC_ROOT_CLASS = YES_ERROR;
				CLANG_WARN_UNREACHABLE_CODE = YES;
				CLANG_WARN__DUPLICATE_METHOD_MATCH = YES;
				"CODE_SIGN_IDENTITY[sdk=iphoneos*]" = "iPhone Developer";
				COPY_PHASE_STRIP = YES;
				ENABLE_NS_ASSERTIONS = NO;
				ENABLE_STRICT_OBJC_MSGSEND = YES;
				GCC_C_LANGUAGE_STANDARD = gnu99;
				GCC_WARN_64_TO_32_BIT_CONVERSION = YES;
				GCC_WARN_ABOUT_RETURN_TYPE = YES_ERROR;
				GCC_WARN_UNDECLARED_SELECTOR = YES;
				GCC_WARN_UNINITIALIZED_AUTOS = YES_AGGRESSIVE;
				GCC_WARN_UNUSED_FUNCTION = YES;
				GCC_WARN_UNUSED_VARIABLE = YES;
				IPHONEOS_DEPLOYMENT_TARGET = 8.1;
				MTL_ENABLE_DEBUG_INFO = NO;
				SDKROOT = iphoneos;
				TARGETED_DEVICE_FAMILY = "1,2";
				VALIDATE_PRODUCT = YES;
			};
			name = Release;
		};
		8F08D5611A404A840085ACE9 /* Debug */ = {
			isa = XCBuildConfiguration;
			buildSettings = {
				ASSETCATALOG_COMPILER_APPICON_NAME = AppIcon;
				INFOPLIST_FILE = "Turn Ball/Info.plist";
				LD_RUNPATH_SEARCH_PATHS = "$(inherited) @executable_path/Frameworks";
				PRODUCT_NAME = "$(TARGET_NAME)";
			};
			name = Debug;
		};
		8F08D5621A404A840085ACE9 /* Release */ = {
			isa = XCBuildConfiguration;
			buildSettings = {
				ASSETCATALOG_COMPILER_APPICON_NAME = AppIcon;
				INFOPLIST_FILE = "Turn Ball/Info.plist";
				LD_RUNPATH_SEARCH_PATHS = "$(inherited) @executable_path/Frameworks";
				PRODUCT_NAME = "$(TARGET_NAME)";
			};
			name = Release;
		};
		8F08D5641A404A840085ACE9 /* Debug */ = {
			isa = XCBuildConfiguration;
			buildSettings = {
				BUNDLE_LOADER = "$(TEST_HOST)";
				FRAMEWORK_SEARCH_PATHS = (
					"$(SDKROOT)/Developer/Library/Frameworks",
					"$(inherited)",
				);
				GCC_PREPROCESSOR_DEFINITIONS = (
					"DEBUG=1",
					"$(inherited)",
				);
				INFOPLIST_FILE = "Turn BallTests/Info.plist";
				LD_RUNPATH_SEARCH_PATHS = "$(inherited) @executable_path/Frameworks @loader_path/Frameworks";
				PRODUCT_NAME = "$(TARGET_NAME)";
				TEST_HOST = "$(BUILT_PRODUCTS_DIR)/Turn Ball.app/Turn Ball";
			};
			name = Debug;
		};
		8F08D5651A404A840085ACE9 /* Release */ = {
			isa = XCBuildConfiguration;
			buildSettings = {
				BUNDLE_LOADER = "$(TEST_HOST)";
				FRAMEWORK_SEARCH_PATHS = (
					"$(SDKROOT)/Developer/Library/Frameworks",
					"$(inherited)",
				);
				INFOPLIST_FILE = "Turn BallTests/Info.plist";
				LD_RUNPATH_SEARCH_PATHS = "$(inherited) @executable_path/Frameworks @loader_path/Frameworks";
				PRODUCT_NAME = "$(TARGET_NAME)";
				TEST_HOST = "$(BUILT_PRODUCTS_DIR)/Turn Ball.app/Turn Ball";
			};
			name = Release;
		};
/* End XCBuildConfiguration section */

/* Begin XCConfigurationList section */
		8F08D5331A404A840085ACE9 /* Build configuration list for PBXProject "Turn Ball" */ = {
			isa = XCConfigurationList;
			buildConfigurations = (
				8F08D55E1A404A840085ACE9 /* Debug */,
				8F08D55F1A404A840085ACE9 /* Release */,
			);
			defaultConfigurationIsVisible = 0;
			defaultConfigurationName = Release;
		};
		8F08D5601A404A840085ACE9 /* Build configuration list for PBXNativeTarget "Turn Ball" */ = {
			isa = XCConfigurationList;
			buildConfigurations = (
				8F08D5611A404A840085ACE9 /* Debug */,
				8F08D5621A404A840085ACE9 /* Release */,
			);
			defaultConfigurationIsVisible = 0;
		};
		8F08D5631A404A840085ACE9 /* Build configuration list for PBXNativeTarget "Turn BallTests" */ = {
			isa = XCConfigurationList;
			buildConfigurations = (
				8F08D5641A404A840085ACE9 /* Debug */,
				8F08D5651A404A840085ACE9 /* Release */,
			);
			defaultConfigurationIsVisible = 0;
		};
/* End XCConfigurationList section */
	};
	rootObject = 8F08D5301A404A840085ACE9 /* Project object */;
}
