// !$*UTF8*$!
{
	archiveVersion = 1;
	classes = {
	};
	objectVersion = 46;
	objects = {

/* Begin PBXBuildFile section */
		8F9212881A32748E002E89E5 /* ljud3.caf in Resources */ = {isa = PBXBuildFile; fileRef = 8F9212851A32740C002E89E5 /* ljud3.caf */; };
		8F9212891A327492002E89E5 /* ljud5.caf in Resources */ = {isa = PBXBuildFile; fileRef = 8F9212861A32740C002E89E5 /* ljud5.caf */; };
		8F92128A1A327492002E89E5 /* ljud7.caf in Resources */ = {isa = PBXBuildFile; fileRef = 8F9212871A32740C002E89E5 /* ljud7.caf */; };
		8F92128D1A3274F5002E89E5 /* ljud4.caf in Resources */ = {isa = PBXBuildFile; fileRef = 8F92128B1A3274F5002E89E5 /* ljud4.caf */; };
		8F92128E1A3274F5002E89E5 /* ljud6.caf in Resources */ = {isa = PBXBuildFile; fileRef = 8F92128C1A3274F5002E89E5 /* ljud6.caf */; };
		8FAF25CB1A321A26007683BD /* AppDelegate.swift in Sources */ = {isa = PBXBuildFile; fileRef = 8FAF25CA1A321A26007683BD /* AppDelegate.swift */; };
		8FAF25CF1A321A27007683BD /* GameScene.swift in Sources */ = {isa = PBXBuildFile; fileRef = 8FAF25CE1A321A27007683BD /* GameScene.swift */; };
		8FAF25D11A321A27007683BD /* GameViewController.swift in Sources */ = {isa = PBXBuildFile; fileRef = 8FAF25D01A321A27007683BD /* GameViewController.swift */; };
		8FAF25D41A321A27007683BD /* Main.storyboard in Resources */ = {isa = PBXBuildFile; fileRef = 8FAF25D21A321A27007683BD /* Main.storyboard */; };
		8FAF25D61A321A27007683BD /* Images.xcassets in Resources */ = {isa = PBXBuildFile; fileRef = 8FAF25D51A321A27007683BD /* Images.xcassets */; };
		8FAF25E51A321A27007683BD /* Chain_PopTests.swift in Sources */ = {isa = PBXBuildFile; fileRef = 8FAF25E41A321A27007683BD /* Chain_PopTests.swift */; };
/* End PBXBuildFile section */

/* Begin PBXContainerItemProxy section */
		8FAF25DF1A321A27007683BD /* PBXContainerItemProxy */ = {
			isa = PBXContainerItemProxy;
			containerPortal = 8FAF25BD1A321A26007683BD /* Project object */;
			proxyType = 1;
			remoteGlobalIDString = 8FAF25C41A321A26007683BD;
			remoteInfo = "Chain Pop";
		};
/* End PBXContainerItemProxy section */

/* Begin PBXFileReference section */
		8F9212851A32740C002E89E5 /* ljud3.caf */ = {isa = PBXFileReference; lastKnownFileType = file; path = ljud3.caf; sourceTree = "<group>"; };
		8F9212861A32740C002E89E5 /* ljud5.caf */ = {isa = PBXFileReference; lastKnownFileType = file; path = ljud5.caf; sourceTree = "<group>"; };
		8F9212871A32740C002E89E5 /* ljud7.caf */ = {isa = PBXFileReference; lastKnownFileType = file; path = ljud7.caf; sourceTree = "<group>"; };
		8F92128B1A3274F5002E89E5 /* ljud4.caf */ = {isa = PBXFileReference; lastKnownFileType = file; path = ljud4.caf; sourceTree = "<group>"; };
		8F92128C1A3274F5002E89E5 /* ljud6.caf */ = {isa = PBXFileReference; lastKnownFileType = file; path = ljud6.caf; sourceTree = "<group>"; };
		8FAF25C51A321A26007683BD /* Chain Pop.app */ = {isa = PBXFileReference; explicitFileType = wrapper.application; includeInIndex = 0; path = "Chain Pop.app"; sourceTree = BUILT_PRODUCTS_DIR; };
		8FAF25C91A321A26007683BD /* Info.plist */ = {isa = PBXFileReference; lastKnownFileType = text.plist.xml; path = Info.plist; sourceTree = "<group>"; };
		8FAF25CA1A321A26007683BD /* AppDelegate.swift */ = {isa = PBXFileReference; lastKnownFileType = sourcecode.swift; path = AppDelegate.swift; sourceTree = "<group>"; };
		8FAF25CE1A321A27007683BD /* GameScene.swift */ = {isa = PBXFileReference; lastKnownFileType = sourcecode.swift; path = GameScene.swift; sourceTree = "<group>"; };
		8FAF25D01A321A27007683BD /* GameViewController.swift */ = {isa = PBXFileReference; lastKnownFileType = sourcecode.swift; path = GameViewController.swift; sourceTree = "<group>"; };
		8FAF25D31A321A27007683BD /* Base */ = {isa = PBXFileReference; lastKnownFileType = file.storyboard; name = Base; path = Base.lproj/Main.storyboard; sourceTree = "<group>"; };
		8FAF25D51A321A27007683BD /* Images.xcassets */ = {isa = PBXFileReference; lastKnownFileType = folder.assetcatalog; path = Images.xcassets; sourceTree = "<group>"; };
		8FAF25DE1A321A27007683BD /* Chain PopTests.xctest */ = {isa = PBXFileReference; explicitFileType = wrapper.cfbundle; includeInIndex = 0; path = "Chain PopTests.xctest"; sourceTree = BUILT_PRODUCTS_DIR; };
		8FAF25E31A321A27007683BD /* Info.plist */ = {isa = PBXFileReference; lastKnownFileType = text.plist.xml; path = Info.plist; sourceTree = "<group>"; };
		8FAF25E41A321A27007683BD /* Chain_PopTests.swift */ = {isa = PBXFileReference; lastKnownFileType = sourcecode.swift; path = Chain_PopTests.swift; sourceTree = "<group>"; };
/* End PBXFileReference section */

/* Begin PBXFrameworksBuildPhase section */
		8FAF25C21A321A26007683BD /* Frameworks */ = {
			isa = PBXFrameworksBuildPhase;
			buildActionMask = 2147483647;
			files = (
			);
			runOnlyForDeploymentPostprocessing = 0;
		};
		8FAF25DB1A321A27007683BD /* Frameworks */ = {
			isa = PBXFrameworksBuildPhase;
			buildActionMask = 2147483647;
			files = (
			);
			runOnlyForDeploymentPostprocessing = 0;
		};
/* End PBXFrameworksBuildPhase section */

/* Begin PBXGroup section */
		8F98DD281A3223C400F6DBBC /* Game */ = {
			isa = PBXGroup;
			children = (
				8FAF25CE1A321A27007683BD /* GameScene.swift */,
				8F9212851A32740C002E89E5 /* ljud3.caf */,
				8F92128B1A3274F5002E89E5 /* ljud4.caf */,
				8F9212861A32740C002E89E5 /* ljud5.caf */,
				8F92128C1A3274F5002E89E5 /* ljud6.caf */,
				8F9212871A32740C002E89E5 /* ljud7.caf */,
			);
			name = Game;
			sourceTree = "<group>";
		};
		8FAF25BC1A321A26007683BD = {
			isa = PBXGroup;
			children = (
				8FAF25C71A321A26007683BD /* Chain Pop */,
				8FAF25E11A321A27007683BD /* Chain PopTests */,
				8FAF25C61A321A26007683BD /* Products */,
			);
			sourceTree = "<group>";
		};
		8FAF25C61A321A26007683BD /* Products */ = {
			isa = PBXGroup;
			children = (
				8FAF25C51A321A26007683BD /* Chain Pop.app */,
				8FAF25DE1A321A27007683BD /* Chain PopTests.xctest */,
			);
			name = Products;
			sourceTree = "<group>";
		};
		8FAF25C71A321A26007683BD /* Chain Pop */ = {
			isa = PBXGroup;
			children = (
				8FAF25CA1A321A26007683BD /* AppDelegate.swift */,
				8FAF25D21A321A27007683BD /* Main.storyboard */,
				8FAF25D01A321A27007683BD /* GameViewController.swift */,
				8F98DD281A3223C400F6DBBC /* Game */,
				8FAF25D51A321A27007683BD /* Images.xcassets */,
				8FAF25C81A321A26007683BD /* Supporting Files */,
			);
			path = "Chain Pop";
			sourceTree = "<group>";
		};
		8FAF25C81A321A26007683BD /* Supporting Files */ = {
			isa = PBXGroup;
			children = (
				8FAF25C91A321A26007683BD /* Info.plist */,
			);
			name = "Supporting Files";
			sourceTree = "<group>";
		};
		8FAF25E11A321A27007683BD /* Chain PopTests */ = {
			isa = PBXGroup;
			children = (
				8FAF25E41A321A27007683BD /* Chain_PopTests.swift */,
				8FAF25E21A321A27007683BD /* Supporting Files */,
			);
			path = "Chain PopTests";
			sourceTree = "<group>";
		};
		8FAF25E21A321A27007683BD /* Supporting Files */ = {
			isa = PBXGroup;
			children = (
				8FAF25E31A321A27007683BD /* Info.plist */,
			);
			name = "Supporting Files";
			sourceTree = "<group>";
		};
/* End PBXGroup section */

/* Begin PBXNativeTarget section */
		8FAF25C41A321A26007683BD /* Chain Pop */ = {
			isa = PBXNativeTarget;
			buildConfigurationList = 8FAF25E81A321A27007683BD /* Build configuration list for PBXNativeTarget "Chain Pop" */;
			buildPhases = (
				8FAF25C11A321A26007683BD /* Sources */,
				8FAF25C21A321A26007683BD /* Frameworks */,
				8FAF25C31A321A26007683BD /* Resources */,
			);
			buildRules = (
			);
			dependencies = (
			);
			name = "Chain Pop";
			productName = "Chain Pop";
			productReference = 8FAF25C51A321A26007683BD /* Chain Pop.app */;
			productType = "com.apple.product-type.application";
		};
		8FAF25DD1A321A27007683BD /* Chain PopTests */ = {
			isa = PBXNativeTarget;
			buildConfigurationList = 8FAF25EB1A321A27007683BD /* Build configuration list for PBXNativeTarget "Chain PopTests" */;
			buildPhases = (
				8FAF25DA1A321A27007683BD /* Sources */,
				8FAF25DB1A321A27007683BD /* Frameworks */,
				8FAF25DC1A321A27007683BD /* Resources */,
			);
			buildRules = (
			);
			dependencies = (
				8FAF25E01A321A27007683BD /* PBXTargetDependency */,
			);
			name = "Chain PopTests";
			productName = "Chain PopTests";
			productReference = 8FAF25DE1A321A27007683BD /* Chain PopTests.xctest */;
			productType = "com.apple.product-type.bundle.unit-test";
		};
/* End PBXNativeTarget section */

/* Begin PBXProject section */
		8FAF25BD1A321A26007683BD /* Project object */ = {
			isa = PBXProject;
			attributes = {
				LastUpgradeCheck = 0610;
				ORGANIZATIONNAME = "Johannes Wärn";
				TargetAttributes = {
					8FAF25C41A321A26007683BD = {
						CreatedOnToolsVersion = 6.1.1;
					};
					8FAF25DD1A321A27007683BD = {
						CreatedOnToolsVersion = 6.1.1;
						TestTargetID = 8FAF25C41A321A26007683BD;
					};
				};
			};
			buildConfigurationList = 8FAF25C01A321A26007683BD /* Build configuration list for PBXProject "Chain Pop" */;
			compatibilityVersion = "Xcode 3.2";
			developmentRegion = English;
			hasScannedForEncodings = 0;
			knownRegions = (
				en,
				Base,
			);
			mainGroup = 8FAF25BC1A321A26007683BD;
			productRefGroup = 8FAF25C61A321A26007683BD /* Products */;
			projectDirPath = "";
			projectRoot = "";
			targets = (
				8FAF25C41A321A26007683BD /* Chain Pop */,
				8FAF25DD1A321A27007683BD /* Chain PopTests */,
			);
		};
/* End PBXProject section */

/* Begin PBXResourcesBuildPhase section */
		8FAF25C31A321A26007683BD /* Resources */ = {
			isa = PBXResourcesBuildPhase;
			buildActionMask = 2147483647;
			files = (
				8F92128A1A327492002E89E5 /* ljud7.caf in Resources */,
				8FAF25D61A321A27007683BD /* Images.xcassets in Resources */,
				8F92128D1A3274F5002E89E5 /* ljud4.caf in Resources */,
				8F9212891A327492002E89E5 /* ljud5.caf in Resources */,
				8FAF25D41A321A27007683BD /* Main.storyboard in Resources */,
				8F9212881A32748E002E89E5 /* ljud3.caf in Resources */,
				8F92128E1A3274F5002E89E5 /* ljud6.caf in Resources */,
			);
			runOnlyForDeploymentPostprocessing = 0;
		};
		8FAF25DC1A321A27007683BD /* Resources */ = {
			isa = PBXResourcesBuildPhase;
			buildActionMask = 2147483647;
			files = (
			);
			runOnlyForDeploymentPostprocessing = 0;
		};
/* End PBXResourcesBuildPhase section */

/* Begin PBXSourcesBuildPhase section */
		8FAF25C11A321A26007683BD /* Sources */ = {
			isa = PBXSourcesBuildPhase;
			buildActionMask = 2147483647;
			files = (
				8FAF25CF1A321A27007683BD /* GameScene.swift in Sources */,
				8FAF25D11A321A27007683BD /* GameViewController.swift in Sources */,
				8FAF25CB1A321A26007683BD /* AppDelegate.swift in Sources */,
			);
			runOnlyForDeploymentPostprocessing = 0;
		};
		8FAF25DA1A321A27007683BD /* Sources */ = {
			isa = PBXSourcesBuildPhase;
			buildActionMask = 2147483647;
			files = (
				8FAF25E51A321A27007683BD /* Chain_PopTests.swift in Sources */,
			);
			runOnlyForDeploymentPostprocessing = 0;
		};
/* End PBXSourcesBuildPhase section */

/* Begin PBXTargetDependency section */
		8FAF25E01A321A27007683BD /* PBXTargetDependency */ = {
			isa = PBXTargetDependency;
			target = 8FAF25C41A321A26007683BD /* Chain Pop */;
			targetProxy = 8FAF25DF1A321A27007683BD /* PBXContainerItemProxy */;
		};
/* End PBXTargetDependency section */

/* Begin PBXVariantGroup section */
		8FAF25D21A321A27007683BD /* Main.storyboard */ = {
			isa = PBXVariantGroup;
			children = (
				8FAF25D31A321A27007683BD /* Base */,
			);
			name = Main.storyboard;
			sourceTree = "<group>";
		};
/* End PBXVariantGroup section */

/* Begin XCBuildConfiguration section */
		8FAF25E61A321A27007683BD /* Debug */ = {
			isa = XCBuildConfiguration;
			buildSettings = {
				ALWAYS_SEARCH_USER_PATHS = NO;
				CLANG_CXX_LANGUAGE_STANDARD = "gnu++0x";
				CLANG_CXX_LIBRARY = "libc++";
				CLANG_ENABLE_MODULES = YES;
				CLANG_ENABLE_OBJC_ARC = YES;
				CLANG_WARN_BOOL_CONVERSION = YES;
				CLANG_WARN_CONSTANT_CONVERSION = YES;
				CLANG_WARN_DIRECT_OBJC_ISA_USAGE = YES_ERROR;
				CLANG_WARN_EMPTY_BODY = YES;
				CLANG_WARN_ENUM_CONVERSION = YES;
				CLANG_WARN_INT_CONVERSION = YES;
				CLANG_WARN_OBJC_ROOT_CLASS = YES_ERROR;
				CLANG_WARN_UNREACHABLE_CODE = YES;
				CLANG_WARN__DUPLICATE_METHOD_MATCH = YES;
				"CODE_SIGN_IDENTITY[sdk=iphoneos*]" = "iPhone Developer";
				COPY_PHASE_STRIP = NO;
				ENABLE_STRICT_OBJC_MSGSEND = YES;
				GCC_C_LANGUAGE_STANDARD = gnu99;
				GCC_DYNAMIC_NO_PIC = NO;
				GCC_OPTIMIZATION_LEVEL = 0;
				GCC_PREPROCESSOR_DEFINITIONS = (
					"DEBUG=1",
					"$(inherited)",
				);
				GCC_SYMBOLS_PRIVATE_EXTERN = NO;
				GCC_WARN_64_TO_32_BIT_CONVERSION = YES;
				GCC_WARN_ABOUT_RETURN_TYPE = YES_ERROR;
				GCC_WARN_UNDECLARED_SELECTOR = YES;
				GCC_WARN_UNINITIALIZED_AUTOS = YES_AGGRESSIVE;
				GCC_WARN_UNUSED_FUNCTION = YES;
				GCC_WARN_UNUSED_VARIABLE = YES;
				IPHONEOS_DEPLOYMENT_TARGET = 8.1;
				MTL_ENABLE_DEBUG_INFO = YES;
				ONLY_ACTIVE_ARCH = YES;
				SDKROOT = iphoneos;
				SWIFT_OPTIMIZATION_LEVEL = "-Onone";
				TARGETED_DEVICE_FAMILY = "1,2";
			};
			name = Debug;
		};
		8FAF25E71A321A27007683BD /* Release */ = {
			isa = XCBuildConfiguration;
			buildSettings = {
				ALWAYS_SEARCH_USER_PATHS = NO;
				CLANG_CXX_LANGUAGE_STANDARD = "gnu++0x";
				CLANG_CXX_LIBRARY = "libc++";
				CLANG_ENABLE_MODULES = YES;
				CLANG_ENABLE_OBJC_ARC = YES;
				CLANG_WARN_BOOL_CONVERSION = YES;
				CLANG_WARN_CONSTANT_CONVERSION = YES;
				CLANG_WARN_DIRECT_OBJC_ISA_USAGE = YES_ERROR;
				CLANG_WARN_EMPTY_BODY = YES;
				CLANG_WARN_ENUM_CONVERSION = YES;
				CLANG_WARN_INT_CONVERSION = YES;
				CLANG_WARN_OBJC_ROOT_CLASS = YES_ERROR;
				CLANG_WARN_UNREACHABLE_CODE = YES;
				CLANG_WARN__DUPLICATE_METHOD_MATCH = YES;
				"CODE_SIGN_IDENTITY[sdk=iphoneos*]" = "iPhone Developer";
				COPY_PHASE_STRIP = YES;
				ENABLE_NS_ASSERTIONS = NO;
				ENABLE_STRICT_OBJC_MSGSEND = YES;
				GCC_C_LANGUAGE_STANDARD = gnu99;
				GCC_WARN_64_TO_32_BIT_CONVERSION = YES;
				GCC_WARN_ABOUT_RETURN_TYPE = YES_ERROR;
				GCC_WARN_UNDECLARED_SELECTOR = YES;
				GCC_WARN_UNINITIALIZED_AUTOS = YES_AGGRESSIVE;
				GCC_WARN_UNUSED_FUNCTION = YES;
				GCC_WARN_UNUSED_VARIABLE = YES;
				IPHONEOS_DEPLOYMENT_TARGET = 8.1;
				MTL_ENABLE_DEBUG_INFO = NO;
				SDKROOT = iphoneos;
				TARGETED_DEVICE_FAMILY = "1,2";
				VALIDATE_PRODUCT = YES;
			};
			name = Release;
		};
		8FAF25E91A321A27007683BD /* Debug */ = {
			isa = XCBuildConfiguration;
			buildSettings = {
				ASSETCATALOG_COMPILER_APPICON_NAME = AppIcon;
				INFOPLIST_FILE = "Chain Pop/Info.plist";
				LD_RUNPATH_SEARCH_PATHS = "$(inherited) @executable_path/Frameworks";
				PRODUCT_NAME = "$(TARGET_NAME)";
			};
			name = Debug;
		};
		8FAF25EA1A321A27007683BD /* Release */ = {
			isa = XCBuildConfiguration;
			buildSettings = {
				ASSETCATALOG_COMPILER_APPICON_NAME = AppIcon;
				INFOPLIST_FILE = "Chain Pop/Info.plist";
				LD_RUNPATH_SEARCH_PATHS = "$(inherited) @executable_path/Frameworks";
				PRODUCT_NAME = "$(TARGET_NAME)";
			};
			name = Release;
		};
		8FAF25EC1A321A27007683BD /* Debug */ = {
			isa = XCBuildConfiguration;
			buildSettings = {
				BUNDLE_LOADER = "$(TEST_HOST)";
				FRAMEWORK_SEARCH_PATHS = (
					"$(SDKROOT)/Developer/Library/Frameworks",
					"$(inherited)",
				);
				GCC_PREPROCESSOR_DEFINITIONS = (
					"DEBUG=1",
					"$(inherited)",
				);
				INFOPLIST_FILE = "Chain PopTests/Info.plist";
				LD_RUNPATH_SEARCH_PATHS = "$(inherited) @executable_path/Frameworks @loader_path/Frameworks";
				PRODUCT_NAME = "$(TARGET_NAME)";
				TEST_HOST = "$(BUILT_PRODUCTS_DIR)/Chain Pop.app/Chain Pop";
			};
			name = Debug;
		};
		8FAF25ED1A321A27007683BD /* Release */ = {
			isa = XCBuildConfiguration;
			buildSettings = {
				BUNDLE_LOADER = "$(TEST_HOST)";
				FRAMEWORK_SEARCH_PATHS = (
					"$(SDKROOT)/Developer/Library/Frameworks",
					"$(inherited)",
				);
				INFOPLIST_FILE = "Chain PopTests/Info.plist";
				LD_RUNPATH_SEARCH_PATHS = "$(inherited) @executable_path/Frameworks @loader_path/Frameworks";
				PRODUCT_NAME = "$(TARGET_NAME)";
				TEST_HOST = "$(BUILT_PRODUCTS_DIR)/Chain Pop.app/Chain Pop";
			};
			name = Release;
		};
/* End XCBuildConfiguration section */

/* Begin XCConfigurationList section */
		8FAF25C01A321A26007683BD /* Build configuration list for PBXProject "Chain Pop" */ = {
			isa = XCConfigurationList;
			buildConfigurations = (
				8FAF25E61A321A27007683BD /* Debug */,
				8FAF25E71A321A27007683BD /* Release */,
			);
			defaultConfigurationIsVisible = 0;
			defaultConfigurationName = Release;
		};
		8FAF25E81A321A27007683BD /* Build configuration list for PBXNativeTarget "Chain Pop" */ = {
			isa = XCConfigurationList;
			buildConfigurations = (
				8FAF25E91A321A27007683BD /* Debug */,
				8FAF25EA1A321A27007683BD /* Release */,
			);
			defaultConfigurationIsVisible = 0;
			defaultConfigurationName = Release;
		};
		8FAF25EB1A321A27007683BD /* Build configuration list for PBXNativeTarget "Chain PopTests" */ = {
			isa = XCConfigurationList;
			buildConfigurations = (
				8FAF25EC1A321A27007683BD /* Debug */,
				8FAF25ED1A321A27007683BD /* Release */,
			);
			defaultConfigurationIsVisible = 0;
			defaultConfigurationName = Release;
		};
/* End XCConfigurationList section */
	};
	rootObject = 8FAF25BD1A321A26007683BD /* Project object */;
}
