// !$*UTF8*$!
{
	archiveVersion = 1;
	classes = {
	};
	objectVersion = 46;
	objects = {

/* Begin PBXBuildFile section */
		8F9D94B51A3A3C370061C56F /* main.m in Sources */ = {isa = PBXBuildFile; fileRef = 8F9D94B41A3A3C370061C56F /* main.m */; };
		8F9D94B81A3A3C370061C56F /* AppDelegate.m in Sources */ = {isa = PBXBuildFile; fileRef = 8F9D94B71A3A3C370061C56F /* AppDelegate.m */; };
		8F9D94BB1A3A3C370061C56F /* GameScene.m in Sources */ = {isa = PBXBuildFile; fileRef = 8F9D94BA1A3A3C370061C56F /* GameScene.m */; };
		8F9D94C01A3A3C370061C56F /* GameViewController.m in Sources */ = {isa = PBXBuildFile; fileRef = 8F9D94BF1A3A3C370061C56F /* GameViewController.m */; };
		8F9D94C31A3A3C370061C56F /* Main.storyboard in Resources */ = {isa = PBXBuildFile; fileRef = 8F9D94C11A3A3C370061C56F /* Main.storyboard */; };
		8F9D94C51A3A3C370061C56F /* Images.xcassets in Resources */ = {isa = PBXBuildFile; fileRef = 8F9D94C41A3A3C370061C56F /* Images.xcassets */; };
		8F9D94C81A3A3C370061C56F /* LaunchScreen.xib in Resources */ = {isa = PBXBuildFile; fileRef = 8F9D94C61A3A3C370061C56F /* LaunchScreen.xib */; };
		8F9D94D41A3A3C370061C56F /* TowerTests.m in Sources */ = {isa = PBXBuildFile; fileRef = 8F9D94D31A3A3C370061C56F /* TowerTests.m */; };
		8F9D94DF1A3A3C990061C56F /* Player.m in Sources */ = {isa = PBXBuildFile; fileRef = 8F9D94DE1A3A3C990061C56F /* Player.m */; };
/* End PBXBuildFile section */

/* Begin PBXContainerItemProxy section */
		8F9D94CE1A3A3C370061C56F /* PBXContainerItemProxy */ = {
			isa = PBXContainerItemProxy;
			containerPortal = 8F9D94A71A3A3C370061C56F /* Project object */;
			proxyType = 1;
			remoteGlobalIDString = 8F9D94AE1A3A3C370061C56F;
			remoteInfo = Tower;
		};
/* End PBXContainerItemProxy section */

/* Begin PBXFileReference section */
		8F9D94AF1A3A3C370061C56F /* Tower.app */ = {isa = PBXFileReference; explicitFileType = wrapper.application; includeInIndex = 0; path = Tower.app; sourceTree = BUILT_PRODUCTS_DIR; };
		8F9D94B31A3A3C370061C56F /* Info.plist */ = {isa = PBXFileReference; lastKnownFileType = text.plist.xml; path = Info.plist; sourceTree = "<group>"; };
		8F9D94B41A3A3C370061C56F /* main.m */ = {isa = PBXFileReference; lastKnownFileType = sourcecode.c.objc; path = main.m; sourceTree = "<group>"; };
		8F9D94B61A3A3C370061C56F /* AppDelegate.h */ = {isa = PBXFileReference; lastKnownFileType = sourcecode.c.h; path = AppDelegate.h; sourceTree = "<group>"; };
		8F9D94B71A3A3C370061C56F /* AppDelegate.m */ = {isa = PBXFileReference; lastKnownFileType = sourcecode.c.objc; path = AppDelegate.m; sourceTree = "<group>"; };
		8F9D94B91A3A3C370061C56F /* GameScene.h */ = {isa = PBXFileReference; lastKnownFileType = sourcecode.c.h; path = GameScene.h; sourceTree = "<group>"; };
		8F9D94BA1A3A3C370061C56F /* GameScene.m */ = {isa = PBXFileReference; lastKnownFileType = sourcecode.c.objc; path = GameScene.m; sourceTree = "<group>"; };
		8F9D94BE1A3A3C370061C56F /* GameViewController.h */ = {isa = PBXFileReference; lastKnownFileType = sourcecode.c.h; path = GameViewController.h; sourceTree = "<group>"; };
		8F9D94BF1A3A3C370061C56F /* GameViewController.m */ = {isa = PBXFileReference; lastKnownFileType = sourcecode.c.objc; path = GameViewController.m; sourceTree = "<group>"; };
		8F9D94C21A3A3C370061C56F /* Base */ = {isa = PBXFileReference; lastKnownFileType = file.storyboard; name = Base; path = Base.lproj/Main.storyboard; sourceTree = "<group>"; };
		8F9D94C41A3A3C370061C56F /* Images.xcassets */ = {isa = PBXFileReference; lastKnownFileType = folder.assetcatalog; path = Images.xcassets; sourceTree = "<group>"; };
		8F9D94C71A3A3C370061C56F /* Base */ = {isa = PBXFileReference; lastKnownFileType = file.xib; name = Base; path = Base.lproj/LaunchScreen.xib; sourceTree = "<group>"; };
		8F9D94CD1A3A3C370061C56F /* TowerTests.xctest */ = {isa = PBXFileReference; explicitFileType = wrapper.cfbundle; includeInIndex = 0; path = TowerTests.xctest; sourceTree = BUILT_PRODUCTS_DIR; };
		8F9D94D21A3A3C370061C56F /* Info.plist */ = {isa = PBXFileReference; lastKnownFileType = text.plist.xml; path = Info.plist; sourceTree = "<group>"; };
		8F9D94D31A3A3C370061C56F /* TowerTests.m */ = {isa = PBXFileReference; lastKnownFileType = sourcecode.c.objc; path = TowerTests.m; sourceTree = "<group>"; };
		8F9D94DD1A3A3C990061C56F /* Player.h */ = {isa = PBXFileReference; fileEncoding = 4; lastKnownFileType = sourcecode.c.h; path = Player.h; sourceTree = "<group>"; };
		8F9D94DE1A3A3C990061C56F /* Player.m */ = {isa = PBXFileReference; fileEncoding = 4; lastKnownFileType = sourcecode.c.objc; path = Player.m; sourceTree = "<group>"; };
/* End PBXFileReference section */

/* Begin PBXFrameworksBuildPhase section */
		8F9D94AC1A3A3C370061C56F /* Frameworks */ = {
			isa = PBXFrameworksBuildPhase;
			buildActionMask = 2147483647;
			files = (
			);
			runOnlyForDeploymentPostprocessing = 0;
		};
		8F9D94CA1A3A3C370061C56F /* Frameworks */ = {
			isa = PBXFrameworksBuildPhase;
			buildActionMask = 2147483647;
			files = (
			);
			runOnlyForDeploymentPostprocessing = 0;
		};
/* End PBXFrameworksBuildPhase section */

/* Begin PBXGroup section */
		8F9D94A61A3A3C370061C56F = {
			isa = PBXGroup;
			children = (
				8F9D94B11A3A3C370061C56F /* Tower */,
				8F9D94D01A3A3C370061C56F /* TowerTests */,
				8F9D94B01A3A3C370061C56F /* Products */,
			);
			sourceTree = "<group>";
		};
		8F9D94B01A3A3C370061C56F /* Products */ = {
			isa = PBXGroup;
			children = (
				8F9D94AF1A3A3C370061C56F /* Tower.app */,
				8F9D94CD1A3A3C370061C56F /* TowerTests.xctest */,
			);
			name = Products;
			sourceTree = "<group>";
		};
		8F9D94B11A3A3C370061C56F /* Tower */ = {
			isa = PBXGroup;
			children = (
				8F9D94B61A3A3C370061C56F /* AppDelegate.h */,
				8F9D94B71A3A3C370061C56F /* AppDelegate.m */,
				8F9D94C11A3A3C370061C56F /* Main.storyboard */,
				8F9D94E01A3A3DC00061C56F /* View Controllers */,
				8F9D94E11A3A3DC70061C56F /* Game */,
				8F9D94C41A3A3C370061C56F /* Images.xcassets */,
				8F9D94C61A3A3C370061C56F /* LaunchScreen.xib */,
				8F9D94B21A3A3C370061C56F /* Supporting Files */,
			);
			path = Tower;
			sourceTree = "<group>";
		};
		8F9D94B21A3A3C370061C56F /* Supporting Files */ = {
			isa = PBXGroup;
			children = (
				8F9D94B31A3A3C370061C56F /* Info.plist */,
				8F9D94B41A3A3C370061C56F /* main.m */,
			);
			name = "Supporting Files";
			sourceTree = "<group>";
		};
		8F9D94D01A3A3C370061C56F /* TowerTests */ = {
			isa = PBXGroup;
			children = (
				8F9D94D31A3A3C370061C56F /* TowerTests.m */,
				8F9D94D11A3A3C370061C56F /* Supporting Files */,
			);
			path = TowerTests;
			sourceTree = "<group>";
		};
		8F9D94D11A3A3C370061C56F /* Supporting Files */ = {
			isa = PBXGroup;
			children = (
				8F9D94D21A3A3C370061C56F /* Info.plist */,
			);
			name = "Supporting Files";
			sourceTree = "<group>";
		};
		8F9D94E01A3A3DC00061C56F /* View Controllers */ = {
			isa = PBXGroup;
			children = (
				8F9D94BE1A3A3C370061C56F /* GameViewController.h */,
				8F9D94BF1A3A3C370061C56F /* GameViewController.m */,
			);
			name = "View Controllers";
			sourceTree = "<group>";
		};
		8F9D94E11A3A3DC70061C56F /* Game */ = {
			isa = PBXGroup;
			children = (
				8F9D94B91A3A3C370061C56F /* GameScene.h */,
				8F9D94BA1A3A3C370061C56F /* GameScene.m */,
				8F9D94DD1A3A3C990061C56F /* Player.h */,
				8F9D94DE1A3A3C990061C56F /* Player.m */,
			);
			name = Game;
			sourceTree = "<group>";
		};
/* End PBXGroup section */

/* Begin PBXNativeTarget section */
		8F9D94AE1A3A3C370061C56F /* Tower */ = {
			isa = PBXNativeTarget;
			buildConfigurationList = 8F9D94D71A3A3C370061C56F /* Build configuration list for PBXNativeTarget "Tower" */;
			buildPhases = (
				8F9D94AB1A3A3C370061C56F /* Sources */,
				8F9D94AC1A3A3C370061C56F /* Frameworks */,
				8F9D94AD1A3A3C370061C56F /* Resources */,
			);
			buildRules = (
			);
			dependencies = (
			);
			name = Tower;
			productName = Tower;
			productReference = 8F9D94AF1A3A3C370061C56F /* Tower.app */;
			productType = "com.apple.product-type.application";
		};
		8F9D94CC1A3A3C370061C56F /* TowerTests */ = {
			isa = PBXNativeTarget;
			buildConfigurationList = 8F9D94DA1A3A3C370061C56F /* Build configuration list for PBXNativeTarget "TowerTests" */;
			buildPhases = (
				8F9D94C91A3A3C370061C56F /* Sources */,
				8F9D94CA1A3A3C370061C56F /* Frameworks */,
				8F9D94CB1A3A3C370061C56F /* Resources */,
			);
			buildRules = (
			);
			dependencies = (
				8F9D94CF1A3A3C370061C56F /* PBXTargetDependency */,
			);
			name = TowerTests;
			productName = TowerTests;
			productReference = 8F9D94CD1A3A3C370061C56F /* TowerTests.xctest */;
			productType = "com.apple.product-type.bundle.unit-test";
		};
/* End PBXNativeTarget section */

/* Begin PBXProject section */
		8F9D94A71A3A3C370061C56F /* Project object */ = {
			isa = PBXProject;
			attributes = {
				LastUpgradeCheck = 0610;
				ORGANIZATIONNAME = "Johannes Wärn";
				TargetAttributes = {
					8F9D94AE1A3A3C370061C56F = {
						CreatedOnToolsVersion = 6.1.1;
					};
					8F9D94CC1A3A3C370061C56F = {
						CreatedOnToolsVersion = 6.1.1;
						TestTargetID = 8F9D94AE1A3A3C370061C56F;
					};
				};
			};
			buildConfigurationList = 8F9D94AA1A3A3C370061C56F /* Build configuration list for PBXProject "Tower" */;
			compatibilityVersion = "Xcode 3.2";
			developmentRegion = English;
			hasScannedForEncodings = 0;
			knownRegions = (
				en,
				Base,
			);
			mainGroup = 8F9D94A61A3A3C370061C56F;
			productRefGroup = 8F9D94B01A3A3C370061C56F /* Products */;
			projectDirPath = "";
			projectRoot = "";
			targets = (
				8F9D94AE1A3A3C370061C56F /* Tower */,
				8F9D94CC1A3A3C370061C56F /* TowerTests */,
			);
		};
/* End PBXProject section */

/* Begin PBXResourcesBuildPhase section */
		8F9D94AD1A3A3C370061C56F /* Resources */ = {
			isa = PBXResourcesBuildPhase;
			buildActionMask = 2147483647;
			files = (
				8F9D94C81A3A3C370061C56F /* LaunchScreen.xib in Resources */,
				8F9D94C51A3A3C370061C56F /* Images.xcassets in Resources */,
				8F9D94C31A3A3C370061C56F /* Main.storyboard in Resources */,
			);
			runOnlyForDeploymentPostprocessing = 0;
		};
		8F9D94CB1A3A3C370061C56F /* Resources */ = {
			isa = PBXResourcesBuildPhase;
			buildActionMask = 2147483647;
			files = (
			);
			runOnlyForDeploymentPostprocessing = 0;
		};
/* End PBXResourcesBuildPhase section */

/* Begin PBXSourcesBuildPhase section */
		8F9D94AB1A3A3C370061C56F /* Sources */ = {
			isa = PBXSourcesBuildPhase;
			buildActionMask = 2147483647;
			files = (
				8F9D94C01A3A3C370061C56F /* GameViewController.m in Sources */,
				8F9D94B81A3A3C370061C56F /* AppDelegate.m in Sources */,
				8F9D94BB1A3A3C370061C56F /* GameScene.m in Sources */,
				8F9D94B51A3A3C370061C56F /* main.m in Sources */,
				8F9D94DF1A3A3C990061C56F /* Player.m in Sources */,
			);
			runOnlyForDeploymentPostprocessing = 0;
		};
		8F9D94C91A3A3C370061C56F /* Sources */ = {
			isa = PBXSourcesBuildPhase;
			buildActionMask = 2147483647;
			files = (
				8F9D94D41A3A3C370061C56F /* TowerTests.m in Sources */,
			);
			runOnlyForDeploymentPostprocessing = 0;
		};
/* End PBXSourcesBuildPhase section */

/* Begin PBXTargetDependency section */
		8F9D94CF1A3A3C370061C56F /* PBXTargetDependency */ = {
			isa = PBXTargetDependency;
			target = 8F9D94AE1A3A3C370061C56F /* Tower */;
			targetProxy = 8F9D94CE1A3A3C370061C56F /* PBXContainerItemProxy */;
		};
/* End PBXTargetDependency section */

/* Begin PBXVariantGroup section */
		8F9D94C11A3A3C370061C56F /* Main.storyboard */ = {
			isa = PBXVariantGroup;
			children = (
				8F9D94C21A3A3C370061C56F /* Base */,
			);
			name = Main.storyboard;
			sourceTree = "<group>";
		};
		8F9D94C61A3A3C370061C56F /* LaunchScreen.xib */ = {
			isa = PBXVariantGroup;
			children = (
				8F9D94C71A3A3C370061C56F /* Base */,
			);
			name = LaunchScreen.xib;
			sourceTree = "<group>";
		};
/* End PBXVariantGroup section */

/* Begin XCBuildConfiguration section */
		8F9D94D51A3A3C370061C56F /* Debug */ = {
			isa = XCBuildConfiguration;
			buildSettings = {
				ALWAYS_SEARCH_USER_PATHS = NO;
				CLANG_CXX_LANGUAGE_STANDARD = "gnu++0x";
				CLANG_CXX_LIBRARY = "libc++";
				CLANG_ENABLE_MODULES = YES;
				CLANG_ENABLE_OBJC_ARC = YES;
				CLANG_WARN_BOOL_CONVERSION = YES;
				CLANG_WARN_CONSTANT_CONVERSION = YES;
				CLANG_WARN_DIRECT_OBJC_ISA_USAGE = YES_ERROR;
				CLANG_WARN_EMPTY_BODY = YES;
				CLANG_WARN_ENUM_CONVERSION = YES;
				CLANG_WARN_INT_CONVERSION = YES;
				CLANG_WARN_OBJC_ROOT_CLASS = YES_ERROR;
				CLANG_WARN_UNREACHABLE_CODE = YES;
				CLANG_WARN__DUPLICATE_METHOD_MATCH = YES;
				"CODE_SIGN_IDENTITY[sdk=iphoneos*]" = "iPhone Developer";
				COPY_PHASE_STRIP = NO;
				ENABLE_STRICT_OBJC_MSGSEND = YES;
				GCC_C_LANGUAGE_STANDARD = gnu99;
				GCC_DYNAMIC_NO_PIC = NO;
				GCC_OPTIMIZATION_LEVEL = 0;
				GCC_PREPROCESSOR_DEFINITIONS = (
					"DEBUG=1",
					"$(inherited)",
				);
				GCC_SYMBOLS_PRIVATE_EXTERN = NO;
				GCC_WARN_64_TO_32_BIT_CONVERSION = YES;
				GCC_WARN_ABOUT_RETURN_TYPE = YES_ERROR;
				GCC_WARN_UNDECLARED_SELECTOR = YES;
				GCC_WARN_UNINITIALIZED_AUTOS = YES_AGGRESSIVE;
				GCC_WARN_UNUSED_FUNCTION = YES;
				GCC_WARN_UNUSED_VARIABLE = YES;
				IPHONEOS_DEPLOYMENT_TARGET = 8.1;
				MTL_ENABLE_DEBUG_INFO = YES;
				ONLY_ACTIVE_ARCH = YES;
				SDKROOT = iphoneos;
				TARGETED_DEVICE_FAMILY = "1,2";
			};
			name = Debug;
		};
		8F9D94D61A3A3C370061C56F /* Release */ = {
			isa = XCBuildConfiguration;
			buildSettings = {
				ALWAYS_SEARCH_USER_PATHS = NO;
				CLANG_CXX_LANGUAGE_STANDARD = "gnu++0x";
				CLANG_CXX_LIBRARY = "libc++";
				CLANG_ENABLE_MODULES = YES;
				CLANG_ENABLE_OBJC_ARC = YES;
				CLANG_WARN_BOOL_CONVERSION = YES;
				CLANG_WARN_CONSTANT_CONVERSION = YES;
				CLANG_WARN_DIRECT_OBJC_ISA_USAGE = YES_ERROR;
				CLANG_WARN_EMPTY_BODY = YES;
				CLANG_WARN_ENUM_CONVERSION = YES;
				CLANG_WARN_INT_CONVERSION = YES;
				CLANG_WARN_OBJC_ROOT_CLASS = YES_ERROR;
				CLANG_WARN_UNREACHABLE_CODE = YES;
				CLANG_WARN__DUPLICATE_METHOD_MATCH = YES;
				"CODE_SIGN_IDENTITY[sdk=iphoneos*]" = "iPhone Developer";
				COPY_PHASE_STRIP = YES;
				ENABLE_NS_ASSERTIONS = NO;
				ENABLE_STRICT_OBJC_MSGSEND = YES;
				GCC_C_LANGUAGE_STANDARD = gnu99;
				GCC_WARN_64_TO_32_BIT_CONVERSION = YES;
				GCC_WARN_ABOUT_RETURN_TYPE = YES_ERROR;
				GCC_WARN_UNDECLARED_SELECTOR = YES;
				GCC_WARN_UNINITIALIZED_AUTOS = YES_AGGRESSIVE;
				GCC_WARN_UNUSED_FUNCTION = YES;
				GCC_WARN_UNUSED_VARIABLE = YES;
				IPHONEOS_DEPLOYMENT_TARGET = 8.1;
				MTL_ENABLE_DEBUG_INFO = NO;
				SDKROOT = iphoneos;
				TARGETED_DEVICE_FAMILY = "1,2";
				VALIDATE_PRODUCT = YES;
			};
			name = Release;
		};
		8F9D94D81A3A3C370061C56F /* Debug */ = {
			isa = XCBuildConfiguration;
			buildSettings = {
				ASSETCATALOG_COMPILER_APPICON_NAME = AppIcon;
				INFOPLIST_FILE = Tower/Info.plist;
				LD_RUNPATH_SEARCH_PATHS = "$(inherited) @executable_path/Frameworks";
				PRODUCT_NAME = "$(TARGET_NAME)";
			};
			name = Debug;
		};
		8F9D94D91A3A3C370061C56F /* Release */ = {
			isa = XCBuildConfiguration;
			buildSettings = {
				ASSETCATALOG_COMPILER_APPICON_NAME = AppIcon;
				INFOPLIST_FILE = Tower/Info.plist;
				LD_RUNPATH_SEARCH_PATHS = "$(inherited) @executable_path/Frameworks";
				PRODUCT_NAME = "$(TARGET_NAME)";
			};
			name = Release;
		};
		8F9D94DB1A3A3C370061C56F /* Debug */ = {
			isa = XCBuildConfiguration;
			buildSettings = {
				BUNDLE_LOADER = "$(TEST_HOST)";
				FRAMEWORK_SEARCH_PATHS = (
					"$(SDKROOT)/Developer/Library/Frameworks",
					"$(inherited)",
				);
				GCC_PREPROCESSOR_DEFINITIONS = (
					"DEBUG=1",
					"$(inherited)",
				);
				INFOPLIST_FILE = TowerTests/Info.plist;
				LD_RUNPATH_SEARCH_PATHS = "$(inherited) @executable_path/Frameworks @loader_path/Frameworks";
				PRODUCT_NAME = "$(TARGET_NAME)";
				TEST_HOST = "$(BUILT_PRODUCTS_DIR)/Tower.app/Tower";
			};
			name = Debug;
		};
		8F9D94DC1A3A3C370061C56F /* Release */ = {
			isa = XCBuildConfiguration;
			buildSettings = {
				BUNDLE_LOADER = "$(TEST_HOST)";
				FRAMEWORK_SEARCH_PATHS = (
					"$(SDKROOT)/Developer/Library/Frameworks",
					"$(inherited)",
				);
				INFOPLIST_FILE = TowerTests/Info.plist;
				LD_RUNPATH_SEARCH_PATHS = "$(inherited) @executable_path/Frameworks @loader_path/Frameworks";
				PRODUCT_NAME = "$(TARGET_NAME)";
				TEST_HOST = "$(BUILT_PRODUCTS_DIR)/Tower.app/Tower";
			};
			name = Release;
		};
/* End XCBuildConfiguration section */

/* Begin XCConfigurationList section */
		8F9D94AA1A3A3C370061C56F /* Build configuration list for PBXProject "Tower" */ = {
			isa = XCConfigurationList;
			buildConfigurations = (
				8F9D94D51A3A3C370061C56F /* Debug */,
				8F9D94D61A3A3C370061C56F /* Release */,
			);
			defaultConfigurationIsVisible = 0;
			defaultConfigurationName = Release;
		};
		8F9D94D71A3A3C370061C56F /* Build configuration list for PBXNativeTarget "Tower" */ = {
			isa = XCConfigurationList;
			buildConfigurations = (
				8F9D94D81A3A3C370061C56F /* Debug */,
				8F9D94D91A3A3C370061C56F /* Release */,
			);
			defaultConfigurationIsVisible = 0;
		};
		8F9D94DA1A3A3C370061C56F /* Build configuration list for PBXNativeTarget "TowerTests" */ = {
			isa = XCConfigurationList;
			buildConfigurations = (
				8F9D94DB1A3A3C370061C56F /* Debug */,
				8F9D94DC1A3A3C370061C56F /* Release */,
			);
			defaultConfigurationIsVisible = 0;
		};
/* End XCConfigurationList section */
	};
	rootObject = 8F9D94A71A3A3C370061C56F /* Project object */;
}
